
Microsoft Visual Studio Solution File, Format Version 12.00
# Visual Studio Version 17
VisualStudioVersion = 17.14.36310.24
MinimumVisualStudioVersion = 10.0.40219.1
Project("{2150E333-8FDC-42A3-9474-1A3956D46DE8}") = "src", "src", "{02EA681E-C7D8-13C7-8484-4AC65E1B71E8}"
EndProject
Project("{2150E333-8FDC-42A3-9474-1A3956D46DE8}") = "test", "test", "{02CBE414-BDE8-425C-A8C0-A17C704CFC84}"
EndProject
Project("{FAE04EC0-301F-11D3-BF4B-00C04F79EFBC}") = "ExploringPainWithCSharp", "src\ExploringPainWithCSharp\ExploringPainWithCSharp.csproj", "{E8A623FC-7829-43AA-BB4F-D67BA6077AF5}"
EndProject
Project("{2150E333-8FDC-42A3-9474-1A3956D46DE8}") = "ref", "ref", "{69AC9498-3E9A-4E2C-AA77-6B3944F6856C}"
EndProject
Project("{FAE04EC0-301F-11D3-BF4B-00C04F79EFBC}") = "BootstrapperAnnotations", "..\ref\ExploringPainWithCSharp\BootstrapperAnnotations\BootstrapperAnnotations.csproj", "{EF60A595-73F7-435A-9DF6-868A4B59E290}"
EndProject
Project("{2150E333-8FDC-42A3-9474-1A3956D46DE8}") = "items", "items", "{7582A87C-BC2C-4D17-AFA5-56870CBFA638}"
	ProjectSection(SolutionItems) = preProject
		items\ErrorsTable.txt = items\ErrorsTable.txt
	EndProjectSection
EndProject
Global
	GlobalSection(SolutionConfigurationPlatforms) = preSolution
		Debug|Any CPU = Debug|Any CPU
		Release|Any CPU = Release|Any CPU
	EndGlobalSection
	GlobalSection(ProjectConfigurationPlatforms) = postSolution
		{E8A623FC-7829-43AA-BB4F-D67BA6077AF5}.Debug|Any CPU.ActiveCfg = Debug|Any CPU
		{E8A623FC-7829-43AA-BB4F-D67BA6077AF5}.Debug|Any CPU.Build.0 = Debug|Any CPU
		{E8A623FC-7829-43AA-BB4F-D67BA6077AF5}.Release|Any CPU.ActiveCfg = Release|Any CPU
		{E8A623FC-7829-43AA-BB4F-D67BA6077AF5}.Release|Any CPU.Build.0 = Release|Any CPU
		{EF60A595-73F7-435A-9DF6-868A4B59E290}.Debug|Any CPU.ActiveCfg = Debug|Any CPU
		{EF60A595-73F7-435A-9DF6-868A4B59E290}.Debug|Any CPU.Build.0 = Debug|Any CPU
		{EF60A595-73F7-435A-9DF6-868A4B59E290}.Release|Any CPU.ActiveCfg = Release|Any CPU
		{EF60A595-73F7-435A-9DF6-868A4B59E290}.Release|Any CPU.Build.0 = Release|Any CPU
	EndGlobalSection
	GlobalSection(SolutionProperties) = preSolution
		HideSolutionNode = FALSE
	EndGlobalSection
	GlobalSection(NestedProjects) = preSolution
		{E8A623FC-7829-43AA-BB4F-D67BA6077AF5} = {02EA681E-C7D8-13C7-8484-4AC65E1B71E8}
		{EF60A595-73F7-435A-9DF6-868A4B59E290} = {69AC9498-3E9A-4E2C-AA77-6B3944F6856C}
	EndGlobalSection
	GlobalSection(ExtensibilityGlobals) = postSolution
		SolutionGuid = {F188EBB3-1287-4E25-8603-4BBF76987259}
	EndGlobalSection
EndGlobal
